
Microsoft Visual Studio Solution File, Format Version 12.00
# Visual Studio Version 17
VisualStudioVersion = 17.0.31512.422
MinimumVisualStudioVersion = 10.0.40219.1
Project("{9A19103F-16F7-4668-BE54-9A1E7A4F7556}") = "Microsoft.Extensions.DependencyInjection.MultiTenant", "src\DependencyInjection.MultiTenant\Microsoft.Extensions.DependencyInjection.MultiTenant.csproj", "{C58CE338-F302-458B-B812-8BA7AE8208A4}"
EndProject
Project("{FAE04EC0-301F-11D3-BF4B-00C04F79EFBC}") = "TestProject1", "test\DependencyInjection.MultiTenant.Tests\Microsoft.Extensions.DependencyInjection.MultiTenant.Tests.csproj", "{49480617-8730-4931-B47B-5CF9A42C567A}"
EndProject
Global
	GlobalSection(SolutionConfigurationPlatforms) = preSolution
		Debug|Any CPU = Debug|Any CPU
		Release|Any CPU = Release|Any CPU
	EndGlobalSection
	GlobalSection(ProjectConfigurationPlatforms) = postSolution
		{C58CE338-F302-458B-B812-8BA7AE8208A4}.Debug|Any CPU.ActiveCfg = Debug|Any CPU
		{C58CE338-F302-458B-B812-8BA7AE8208A4}.Debug|Any CPU.Build.0 = Debug|Any CPU
		{C58CE338-F302-458B-B812-8BA7AE8208A4}.Release|Any CPU.ActiveCfg = Release|Any CPU
		{C58CE338-F302-458B-B812-8BA7AE8208A4}.Release|Any CPU.Build.0 = Release|Any CPU
		{49480617-8730-4931-B47B-5CF9A42C567A}.Debug|Any CPU.ActiveCfg = Debug|Any CPU
		{49480617-8730-4931-B47B-5CF9A42C567A}.Debug|Any CPU.Build.0 = Debug|Any CPU
		{49480617-8730-4931-B47B-5CF9A42C567A}.Release|Any CPU.ActiveCfg = Release|Any CPU
		{49480617-8730-4931-B47B-5CF9A42C567A}.Release|Any CPU.Build.0 = Release|Any CPU
	EndGlobalSection
	GlobalSection(SolutionProperties) = preSolution
		HideSolutionNode = FALSE
	EndGlobalSection
	GlobalSection(ExtensibilityGlobals) = postSolution
		SolutionGuid = {459DB6CE-7925-41AB-8178-C81ABDCD3C32}
	EndGlobalSection
EndGlobal
